// !$*UTF8*$!
{
	archiveVersion = 1;
	classes = {
	};
	objectVersion = 48;
	objects = {

/* Begin PBXBuildFile section */
		C9FB09972270B39500FA42A3 /* AppDelegate.swift in Sources */ = {isa = PBXBuildFile; fileRef = C9FB09962270B39500FA42A3 /* AppDelegate.swift */; };
		C9FB09992270B39500FA42A3 /* ViewController.swift in Sources */ = {isa = PBXBuildFile; fileRef = C9FB09982270B39500FA42A3 /* ViewController.swift */; };
		C9FB099C2270B39500FA42A3 /* Main.storyboard in Resources */ = {isa = PBXBuildFile; fileRef = C9FB099A2270B39500FA42A3 /* Main.storyboard */; };
		C9FB099E2270B39500FA42A3 /* Assets.xcassets in Resources */ = {isa = PBXBuildFile; fileRef = C9FB099D2270B39500FA42A3 /* Assets.xcassets */; };
		C9FB09A12270B39500FA42A3 /* LaunchScreen.storyboard in Resources */ = {isa = PBXBuildFile; fileRef = C9FB099F2270B39500FA42A3 /* LaunchScreen.storyboard */; };
		C9FB09AC2270B39500FA42A3 /* BillUpTests.swift in Sources */ = {isa = PBXBuildFile; fileRef = C9FB09AB2270B39500FA42A3 /* BillUpTests.swift */; };
		C9FB09B92271196F00FA42A3 /* NewBillViewController.swift in Sources */ = {isa = PBXBuildFile; fileRef = C9FB09B82271196F00FA42A3 /* NewBillViewController.swift */; };
		C9FB09BB227121D000FA42A3 /* AddPeopleVC.swift in Sources */ = {isa = PBXBuildFile; fileRef = C9FB09BA227121D000FA42A3 /* AddPeopleVC.swift */; };
/* End PBXBuildFile section */

/* Begin PBXContainerItemProxy section */
		C9FB09A82270B39500FA42A3 /* PBXContainerItemProxy */ = {
			isa = PBXContainerItemProxy;
			containerPortal = C9FB098B2270B39500FA42A3 /* Project object */;
			proxyType = 1;
			remoteGlobalIDString = C9FB09922270B39500FA42A3;
			remoteInfo = BillUp;
		};
/* End PBXContainerItemProxy section */

/* Begin PBXFileReference section */
		C9FB09932270B39500FA42A3 /* BillUp.app */ = {isa = PBXFileReference; explicitFileType = wrapper.application; includeInIndex = 0; path = BillUp.app; sourceTree = BUILT_PRODUCTS_DIR; };
		C9FB09962270B39500FA42A3 /* AppDelegate.swift */ = {isa = PBXFileReference; lastKnownFileType = sourcecode.swift; path = AppDelegate.swift; sourceTree = "<group>"; };
		C9FB09982270B39500FA42A3 /* ViewController.swift */ = {isa = PBXFileReference; lastKnownFileType = sourcecode.swift; path = ViewController.swift; sourceTree = "<group>"; };
		C9FB099B2270B39500FA42A3 /* Base */ = {isa = PBXFileReference; lastKnownFileType = file.storyboard; name = Base; path = Base.lproj/Main.storyboard; sourceTree = "<group>"; };
		C9FB099D2270B39500FA42A3 /* Assets.xcassets */ = {isa = PBXFileReference; lastKnownFileType = folder.assetcatalog; path = Assets.xcassets; sourceTree = "<group>"; };
		C9FB09A02270B39500FA42A3 /* Base */ = {isa = PBXFileReference; lastKnownFileType = file.storyboard; name = Base; path = Base.lproj/LaunchScreen.storyboard; sourceTree = "<group>"; };
		C9FB09A22270B39500FA42A3 /* Info.plist */ = {isa = PBXFileReference; lastKnownFileType = text.plist.xml; path = Info.plist; sourceTree = "<group>"; };
		C9FB09A72270B39500FA42A3 /* BillUpTests.xctest */ = {isa = PBXFileReference; explicitFileType = wrapper.cfbundle; includeInIndex = 0; path = BillUpTests.xctest; sourceTree = BUILT_PRODUCTS_DIR; };
		C9FB09AB2270B39500FA42A3 /* BillUpTests.swift */ = {isa = PBXFileReference; lastKnownFileType = sourcecode.swift; path = BillUpTests.swift; sourceTree = "<group>"; };
		C9FB09AD2270B39500FA42A3 /* Info.plist */ = {isa = PBXFileReference; lastKnownFileType = text.plist.xml; path = Info.plist; sourceTree = "<group>"; };
		C9FB09B82271196F00FA42A3 /* NewBillViewController.swift */ = {isa = PBXFileReference; lastKnownFileType = sourcecode.swift; path = NewBillViewController.swift; sourceTree = "<group>"; };
		C9FB09BA227121D000FA42A3 /* AddPeopleVC.swift */ = {isa = PBXFileReference; lastKnownFileType = sourcecode.swift; path = AddPeopleVC.swift; sourceTree = "<group>"; };
/* End PBXFileReference section */

/* Begin PBXFrameworksBuildPhase section */
		C9FB09902270B39500FA42A3 /* Frameworks */ = {
			isa = PBXFrameworksBuildPhase;
			buildActionMask = 2147483647;
			files = (
			);
			runOnlyForDeploymentPostprocessing = 0;
		};
		C9FB09A42270B39500FA42A3 /* Frameworks */ = {
			isa = PBXFrameworksBuildPhase;
			buildActionMask = 2147483647;
			files = (
			);
			runOnlyForDeploymentPostprocessing = 0;
		};
/* End PBXFrameworksBuildPhase section */

/* Begin PBXGroup section */
		C9FB098A2270B39500FA42A3 = {
			isa = PBXGroup;
			children = (
				C9FB09952270B39500FA42A3 /* BillUp */,
				C9FB09AA2270B39500FA42A3 /* BillUpTests */,
				C9FB09942270B39500FA42A3 /* Products */,
			);
			sourceTree = "<group>";
		};
		C9FB09942270B39500FA42A3 /* Products */ = {
			isa = PBXGroup;
			children = (
				C9FB09932270B39500FA42A3 /* BillUp.app */,
				C9FB09A72270B39500FA42A3 /* BillUpTests.xctest */,
			);
			name = Products;
			sourceTree = "<group>";
		};
		C9FB09952270B39500FA42A3 /* BillUp */ = {
			isa = PBXGroup;
			children = (
				C9FB09962270B39500FA42A3 /* AppDelegate.swift */,
				C9FB09982270B39500FA42A3 /* ViewController.swift */,
				C9FB09B82271196F00FA42A3 /* NewBillViewController.swift */,
				C9FB09BA227121D000FA42A3 /* AddPeopleVC.swift */,
				C9FB099A2270B39500FA42A3 /* Main.storyboard */,
				C9FB099D2270B39500FA42A3 /* Assets.xcassets */,
				C9FB099F2270B39500FA42A3 /* LaunchScreen.storyboard */,
				C9FB09A22270B39500FA42A3 /* Info.plist */,
			);
			path = BillUp;
			sourceTree = "<group>";
		};
		C9FB09AA2270B39500FA42A3 /* BillUpTests */ = {
			isa = PBXGroup;
			children = (
				C9FB09AB2270B39500FA42A3 /* BillUpTests.swift */,
				C9FB09AD2270B39500FA42A3 /* Info.plist */,
			);
			path = BillUpTests;
			sourceTree = "<group>";
		};
/* End PBXGroup section */

/* Begin PBXNativeTarget section */
		C9FB09922270B39500FA42A3 /* BillUp */ = {
			isa = PBXNativeTarget;
			buildConfigurationList = C9FB09B02270B39500FA42A3 /* Build configuration list for PBXNativeTarget "BillUp" */;
			buildPhases = (
				C9FB098F2270B39500FA42A3 /* Sources */,
				C9FB09902270B39500FA42A3 /* Frameworks */,
				C9FB09912270B39500FA42A3 /* Resources */,
			);
			buildRules = (
			);
			dependencies = (
			);
			name = BillUp;
			productName = BillUp;
			productReference = C9FB09932270B39500FA42A3 /* BillUp.app */;
			productType = "com.apple.product-type.application";
		};
		C9FB09A62270B39500FA42A3 /* BillUpTests */ = {
			isa = PBXNativeTarget;
			buildConfigurationList = C9FB09B32270B39500FA42A3 /* Build configuration list for PBXNativeTarget "BillUpTests" */;
			buildPhases = (
				C9FB09A32270B39500FA42A3 /* Sources */,
				C9FB09A42270B39500FA42A3 /* Frameworks */,
				C9FB09A52270B39500FA42A3 /* Resources */,
			);
			buildRules = (
			);
			dependencies = (
				C9FB09A92270B39500FA42A3 /* PBXTargetDependency */,
			);
			name = BillUpTests;
			productName = BillUpTests;
			productReference = C9FB09A72270B39500FA42A3 /* BillUpTests.xctest */;
			productType = "com.apple.product-type.bundle.unit-test";
		};
/* End PBXNativeTarget section */

/* Begin PBXProject section */
		C9FB098B2270B39500FA42A3 /* Project object */ = {
			isa = PBXProject;
			attributes = {
				LastSwiftUpdateCheck = 0920;
				LastUpgradeCheck = 0920;
				ORGANIZATIONNAME = VishalAndSteve;
				TargetAttributes = {
					C9FB09922270B39500FA42A3 = {
						CreatedOnToolsVersion = 9.2;
						ProvisioningStyle = Automatic;
					};
					C9FB09A62270B39500FA42A3 = {
						CreatedOnToolsVersion = 9.2;
						ProvisioningStyle = Automatic;
						TestTargetID = C9FB09922270B39500FA42A3;
					};
				};
			};
			buildConfigurationList = C9FB098E2270B39500FA42A3 /* Build configuration list for PBXProject "BillUp" */;
			compatibilityVersion = "Xcode 8.0";
			developmentRegion = en;
			hasScannedForEncodings = 0;
			knownRegions = (
				en,
				Base,
			);
			mainGroup = C9FB098A2270B39500FA42A3;
			productRefGroup = C9FB09942270B39500FA42A3 /* Products */;
			projectDirPath = "";
			projectRoot = "";
			targets = (
				C9FB09922270B39500FA42A3 /* BillUp */,
				C9FB09A62270B39500FA42A3 /* BillUpTests */,
			);
		};
/* End PBXProject section */

/* Begin PBXResourcesBuildPhase section */
		C9FB09912270B39500FA42A3 /* Resources */ = {
			isa = PBXResourcesBuildPhase;
			buildActionMask = 2147483647;
			files = (
				C9FB09A12270B39500FA42A3 /* LaunchScreen.storyboard in Resources */,
				C9FB099E2270B39500FA42A3 /* Assets.xcassets in Resources */,
				C9FB099C2270B39500FA42A3 /* Main.storyboard in Resources */,
			);
			runOnlyForDeploymentPostprocessing = 0;
		};
		C9FB09A52270B39500FA42A3 /* Resources */ = {
			isa = PBXResourcesBuildPhase;
			buildActionMask = 2147483647;
			files = (
			);
			runOnlyForDeploymentPostprocessing = 0;
		};
/* End PBXResourcesBuildPhase section */

/* Begin PBXSourcesBuildPhase section */
		C9FB098F2270B39500FA42A3 /* Sources */ = {
			isa = PBXSourcesBuildPhase;
			buildActionMask = 2147483647;
			files = (
				C9FB09992270B39500FA42A3 /* ViewController.swift in Sources */,
				C9FB09972270B39500FA42A3 /* AppDelegate.swift in Sources */,
				C9FB09B92271196F00FA42A3 /* NewBillViewController.swift in Sources */,
				C9FB09BB227121D000FA42A3 /* AddPeopleVC.swift in Sources */,
			);
			runOnlyForDeploymentPostprocessing = 0;
		};
		C9FB09A32270B39500FA42A3 /* Sources */ = {
			isa = PBXSourcesBuildPhase;
			buildActionMask = 2147483647;
			files = (
				C9FB09AC2270B39500FA42A3 /* BillUpTests.swift in Sources */,
			);
			runOnlyForDeploymentPostprocessing = 0;
		};
/* End PBXSourcesBuildPhase section */

/* Begin PBXTargetDependency section */
		C9FB09A92270B39500FA42A3 /* PBXTargetDependency */ = {
			isa = PBXTargetDependency;
			target = C9FB09922270B39500FA42A3 /* BillUp */;
			targetProxy = C9FB09A82270B39500FA42A3 /* PBXContainerItemProxy */;
		};
/* End PBXTargetDependency section */

/* Begin PBXVariantGroup section */
		C9FB099A2270B39500FA42A3 /* Main.storyboard */ = {
			isa = PBXVariantGroup;
			children = (
				C9FB099B2270B39500FA42A3 /* Base */,
			);
			name = Main.storyboard;
			sourceTree = "<group>";
		};
		C9FB099F2270B39500FA42A3 /* LaunchScreen.storyboard */ = {
			isa = PBXVariantGroup;
			children = (
				C9FB09A02270B39500FA42A3 /* Base */,
			);
			name = LaunchScreen.storyboard;
			sourceTree = "<group>";
		};
/* End PBXVariantGroup section */

/* Begin XCBuildConfiguration section */
		C9FB09AE2270B39500FA42A3 /* Debug */ = {
			isa = XCBuildConfiguration;
			buildSettings = {
				ALWAYS_SEARCH_USER_PATHS = NO;
				CLANG_ANALYZER_NONNULL = YES;
				CLANG_ANALYZER_NUMBER_OBJECT_CONVERSION = YES_AGGRESSIVE;
				CLANG_CXX_LANGUAGE_STANDARD = "gnu++14";
				CLANG_CXX_LIBRARY = "libc++";
				CLANG_ENABLE_MODULES = YES;
				CLANG_ENABLE_OBJC_ARC = YES;
				CLANG_WARN_BLOCK_CAPTURE_AUTORELEASING = YES;
				CLANG_WARN_BOOL_CONVERSION = YES;
				CLANG_WARN_COMMA = YES;
				CLANG_WARN_CONSTANT_CONVERSION = YES;
				CLANG_WARN_DIRECT_OBJC_ISA_USAGE = YES_ERROR;
				CLANG_WARN_DOCUMENTATION_COMMENTS = YES;
				CLANG_WARN_EMPTY_BODY = YES;
				CLANG_WARN_ENUM_CONVERSION = YES;
				CLANG_WARN_INFINITE_RECURSION = YES;
				CLANG_WARN_INT_CONVERSION = YES;
				CLANG_WARN_NON_LITERAL_NULL_CONVERSION = YES;
				CLANG_WARN_OBJC_LITERAL_CONVERSION = YES;
				CLANG_WARN_OBJC_ROOT_CLASS = YES_ERROR;
				CLANG_WARN_RANGE_LOOP_ANALYSIS = YES;
				CLANG_WARN_STRICT_PROTOTYPES = YES;
				CLANG_WARN_SUSPICIOUS_MOVE = YES;
				CLANG_WARN_UNGUARDED_AVAILABILITY = YES_AGGRESSIVE;
				CLANG_WARN_UNREACHABLE_CODE = YES;
				CLANG_WARN__DUPLICATE_METHOD_MATCH = YES;
				CODE_SIGN_IDENTITY = "iPhone Developer";
				COPY_PHASE_STRIP = NO;
				DEBUG_INFORMATION_FORMAT = dwarf;
				ENABLE_STRICT_OBJC_MSGSEND = YES;
				ENABLE_TESTABILITY = YES;
				GCC_C_LANGUAGE_STANDARD = gnu11;
				GCC_DYNAMIC_NO_PIC = NO;
				GCC_NO_COMMON_BLOCKS = YES;
				GCC_OPTIMIZATION_LEVEL = 0;
				GCC_PREPROCESSOR_DEFINITIONS = (
					"DEBUG=1",
					"$(inherited)",
				);
				GCC_WARN_64_TO_32_BIT_CONVERSION = YES;
				GCC_WARN_ABOUT_RETURN_TYPE = YES_ERROR;
				GCC_WARN_UNDECLARED_SELECTOR = YES;
				GCC_WARN_UNINITIALIZED_AUTOS = YES_AGGRESSIVE;
				GCC_WARN_UNUSED_FUNCTION = YES;
				GCC_WARN_UNUSED_VARIABLE = YES;
				IPHONEOS_DEPLOYMENT_TARGET = 11.2;
				MTL_ENABLE_DEBUG_INFO = YES;
				ONLY_ACTIVE_ARCH = YES;
				SDKROOT = iphoneos;
				SWIFT_ACTIVE_COMPILATION_CONDITIONS = DEBUG;
				SWIFT_OPTIMIZATION_LEVEL = "-Onone";
			};
			name = Debug;
		};
		C9FB09AF2270B39500FA42A3 /* Release */ = {
			isa = XCBuildConfiguration;
			buildSettings = {
				ALWAYS_SEARCH_USER_PATHS = NO;
				CLANG_ANALYZER_NONNULL = YES;
				CLANG_ANALYZER_NUMBER_OBJECT_CONVERSION = YES_AGGRESSIVE;
				CLANG_CXX_LANGUAGE_STANDARD = "gnu++14";
				CLANG_CXX_LIBRARY = "libc++";
				CLANG_ENABLE_MODULES = YES;
				CLANG_ENABLE_OBJC_ARC = YES;
				CLANG_WARN_BLOCK_CAPTURE_AUTORELEASING = YES;
				CLANG_WARN_BOOL_CONVERSION = YES;
				CLANG_WARN_COMMA = YES;
				CLANG_WARN_CONSTANT_CONVERSION = YES;
				CLANG_WARN_DIRECT_OBJC_ISA_USAGE = YES_ERROR;
				CLANG_WARN_DOCUMENTATION_COMMENTS = YES;
				CLANG_WARN_EMPTY_BODY = YES;
				CLANG_WARN_ENUM_CONVERSION = YES;
				CLANG_WARN_INFINITE_RECURSION = YES;
				CLANG_WARN_INT_CONVERSION = YES;
				CLANG_WARN_NON_LITERAL_NULL_CONVERSION = YES;
				CLANG_WARN_OBJC_LITERAL_CONVERSION = YES;
				CLANG_WARN_OBJC_ROOT_CLASS = YES_ERROR;
				CLANG_WARN_RANGE_LOOP_ANALYSIS = YES;
				CLANG_WARN_STRICT_PROTOTYPES = YES;
				CLANG_WARN_SUSPICIOUS_MOVE = YES;
				CLANG_WARN_UNGUARDED_AVAILABILITY = YES_AGGRESSIVE;
				CLANG_WARN_UNREACHABLE_CODE = YES;
				CLANG_WARN__DUPLICATE_METHOD_MATCH = YES;
				CODE_SIGN_IDENTITY = "iPhone Developer";
				COPY_PHASE_STRIP = NO;
				DEBUG_INFORMATION_FORMAT = "dwarf-with-dsym";
				ENABLE_NS_ASSERTIONS = NO;
				ENABLE_STRICT_OBJC_MSGSEND = YES;
				GCC_C_LANGUAGE_STANDARD = gnu11;
				GCC_NO_COMMON_BLOCKS = YES;
				GCC_WARN_64_TO_32_BIT_CONVERSION = YES;
				GCC_WARN_ABOUT_RETURN_TYPE = YES_ERROR;
				GCC_WARN_UNDECLARED_SELECTOR = YES;
				GCC_WARN_UNINITIALIZED_AUTOS = YES_AGGRESSIVE;
				GCC_WARN_UNUSED_FUNCTION = YES;
				GCC_WARN_UNUSED_VARIABLE = YES;
				IPHONEOS_DEPLOYMENT_TARGET = 11.2;
				MTL_ENABLE_DEBUG_INFO = NO;
				SDKROOT = iphoneos;
				SWIFT_OPTIMIZATION_LEVEL = "-Owholemodule";
				VALIDATE_PRODUCT = YES;
			};
			name = Release;
		};
		C9FB09B12270B39500FA42A3 /* Debug */ = {
			isa = XCBuildConfiguration;
			buildSettings = {
				ASSETCATALOG_COMPILER_APPICON_NAME = AppIcon;
				CODE_SIGN_STYLE = Automatic;
				INFOPLIST_FILE = BillUp/Info.plist;
				LD_RUNPATH_SEARCH_PATHS = "$(inherited) @executable_path/Frameworks";
				PRODUCT_BUNDLE_IDENTIFIER = vsp20.case.edu.BillUp;
				PRODUCT_NAME = "$(TARGET_NAME)";
				SWIFT_VERSION = 4.0;
				TARGETED_DEVICE_FAMILY = "1,2";
			};
			name = Debug;
		};
		C9FB09B22270B39500FA42A3 /* Release */ = {
			isa = XCBuildConfiguration;
			buildSettings = {
				ASSETCATALOG_COMPILER_APPICON_NAME = AppIcon;
				CODE_SIGN_STYLE = Automatic;
				INFOPLIST_FILE = BillUp/Info.plist;
				LD_RUNPATH_SEARCH_PATHS = "$(inherited) @executable_path/Frameworks";
				PRODUCT_BUNDLE_IDENTIFIER = vsp20.case.edu.BillUp;
				PRODUCT_NAME = "$(TARGET_NAME)";
				SWIFT_VERSION = 4.0;
				TARGETED_DEVICE_FAMILY = "1,2";
			};
			name = Release;
		};
		C9FB09B42270B39500FA42A3 /* Debug */ = {
			isa = XCBuildConfiguration;
			buildSettings = {
				ALWAYS_EMBED_SWIFT_STANDARD_LIBRARIES = YES;
				BUNDLE_LOADER = "$(TEST_HOST)";
				CODE_SIGN_STYLE = Automatic;
				INFOPLIST_FILE = BillUpTests/Info.plist;
				LD_RUNPATH_SEARCH_PATHS = "$(inherited) @executable_path/Frameworks @loader_path/Frameworks";
				PRODUCT_BUNDLE_IDENTIFIER = vsp20.case.edu.BillUpTests;
				PRODUCT_NAME = "$(TARGET_NAME)";
				SWIFT_VERSION = 4.0;
				TARGETED_DEVICE_FAMILY = "1,2";
				TEST_HOST = "$(BUILT_PRODUCTS_DIR)/BillUp.app/BillUp";
			};
			name = Debug;
		};
		C9FB09B52270B39500FA42A3 /* Release */ = {
			isa = XCBuildConfiguration;
			buildSettings = {
				ALWAYS_EMBED_SWIFT_STANDARD_LIBRARIES = YES;
				BUNDLE_LOADER = "$(TEST_HOST)";
				CODE_SIGN_STYLE = Automatic;
				INFOPLIST_FILE = BillUpTests/Info.plist;
				LD_RUNPATH_SEARCH_PATHS = "$(inherited) @executable_path/Frameworks @loader_path/Frameworks";
				PRODUCT_BUNDLE_IDENTIFIER = vsp20.case.edu.BillUpTests;
				PRODUCT_NAME = "$(TARGET_NAME)";
				SWIFT_VERSION = 4.0;
				TARGETED_DEVICE_FAMILY = "1,2";
				TEST_HOST = "$(BUILT_PRODUCTS_DIR)/BillUp.app/BillUp";
			};
			name = Release;
		};
/* End XCBuildConfiguration section */

/* Begin XCConfigurationList section */
		C9FB098E2270B39500FA42A3 /* Build configuration list for PBXProject "BillUp" */ = {
			isa = XCConfigurationList;
			buildConfigurations = (
				C9FB09AE2270B39500FA42A3 /* Debug */,
				C9FB09AF2270B39500FA42A3 /* Release */,
			);
			defaultConfigurationIsVisible = 0;
			defaultConfigurationName = Release;
		};
		C9FB09B02270B39500FA42A3 /* Build configuration list for PBXNativeTarget "BillUp" */ = {
			isa = XCConfigurationList;
			buildConfigurations = (
				C9FB09B12270B39500FA42A3 /* Debug */,
				C9FB09B22270B39500FA42A3 /* Release */,
			);
			defaultConfigurationIsVisible = 0;
			defaultConfigurationName = Release;
		};
		C9FB09B32270B39500FA42A3 /* Build configuration list for PBXNativeTarget "BillUpTests" */ = {
			isa = XCConfigurationList;
			buildConfigurations = (
				C9FB09B42270B39500FA42A3 /* Debug */,
				C9FB09B52270B39500FA42A3 /* Release */,
			);
			defaultConfigurationIsVisible = 0;
			defaultConfigurationName = Release;
		};
/* End XCConfigurationList section */
	};
	rootObject = C9FB098B2270B39500FA42A3 /* Project object */;
}
